
Microsoft Visual Studio Solution File, Format Version 11.00
# Visual Studio 2010
Project("{FAE04EC0-301F-11D3-BF4B-00C04F79EFBC}") = "Kiwi.Prevalence", "Kiwi.Prevalence\Kiwi.Prevalence.csproj", "{D538A205-02A4-41A5-8468-5CD8706C5D31}"
EndProject
Project("{FAE04EC0-301F-11D3-BF4B-00C04F79EFBC}") = "Kiwi.Prevalence.Tests", "Kiwi.Prevalence.Tests\Kiwi.Prevalence.Tests.csproj", "{14690C45-453C-4ADA-9AF8-7AE2308FACEE}"
EndProject
Project("{2150E333-8FDC-42A3-9474-1A3956D46DE8}") = ".nuget", ".nuget", "{C0816442-A188-4302-8015-6C0F17A7E53F}"
EndProject
Project("{2150E333-8FDC-42A3-9474-1A3956D46DE8}") = "pack", "pack", "{586C2ECE-9DF7-4039-B322-900E4BC26061}"
	ProjectSection(SolutionItems) = preProject
		default.ps1 = default.ps1
	EndProjectSection
EndProject
Global
	GlobalSection(SolutionConfigurationPlatforms) = preSolution
		Debug|Any CPU = Debug|Any CPU
		Release|Any CPU = Release|Any CPU
	EndGlobalSection
	GlobalSection(ProjectConfigurationPlatforms) = postSolution
		{D538A205-02A4-41A5-8468-5CD8706C5D31}.Debug|Any CPU.ActiveCfg = Debug|Any CPU
		{D538A205-02A4-41A5-8468-5CD8706C5D31}.Debug|Any CPU.Build.0 = Debug|Any CPU
		{D538A205-02A4-41A5-8468-5CD8706C5D31}.Release|Any CPU.ActiveCfg = Release|Any CPU
		{D538A205-02A4-41A5-8468-5CD8706C5D31}.Release|Any CPU.Build.0 = Release|Any CPU
		{14690C45-453C-4ADA-9AF8-7AE2308FACEE}.Debug|Any CPU.ActiveCfg = Debug|Any CPU
		{14690C45-453C-4ADA-9AF8-7AE2308FACEE}.Debug|Any CPU.Build.0 = Debug|Any CPU
		{14690C45-453C-4ADA-9AF8-7AE2308FACEE}.Release|Any CPU.ActiveCfg = Release|Any CPU
		{14690C45-453C-4ADA-9AF8-7AE2308FACEE}.Release|Any CPU.Build.0 = Release|Any CPU
	EndGlobalSection
	GlobalSection(SolutionProperties) = preSolution
		HideSolutionNode = FALSE
	EndGlobalSection
EndGlobal
